
Microsoft Visual Studio Solution File, Format Version 12.00
# Visual Studio Version 17
VisualStudioVersion = 17.9.34622.214
MinimumVisualStudioVersion = 10.0.40219.1
Project("{FAE04EC0-301F-11D3-BF4B-00C04F79EFBC}") = "DA_WebC5", "DA_WebC5\DA_WebC5.csproj", "{12E295D3-05B0-4FA7-B057-A4611B693344}"
EndProject
Global
	GlobalSection(SolutionConfigurationPlatforms) = preSolution
		Debug|Any CPU = Debug|Any CPU
		Release|Any CPU = Release|Any CPU
	EndGlobalSection
	GlobalSection(ProjectConfigurationPlatforms) = postSolution
		{12E295D3-05B0-4FA7-B057-A4611B693344}.Debug|Any CPU.ActiveCfg = Debug|Any CPU
		{12E295D3-05B0-4FA7-B057-A4611B693344}.Debug|Any CPU.Build.0 = Debug|Any CPU
		{12E295D3-05B0-4FA7-B057-A4611B693344}.Release|Any CPU.ActiveCfg = Release|Any CPU
		{12E295D3-05B0-4FA7-B057-A4611B693344}.Release|Any CPU.Build.0 = Release|Any CPU
	EndGlobalSection
	GlobalSection(SolutionProperties) = preSolution
		HideSolutionNode = FALSE
	EndGlobalSection
	GlobalSection(ExtensibilityGlobals) = postSolution
		SolutionGuid = {CC311615-13A4-463F-AE45-2AA7F398AD14}
	EndGlobalSection
EndGlobal
